
Microsoft Visual Studio Solution File, Format Version 12.00
# Visual Studio Version 16
VisualStudioVersion = 16.0.28927.53
MinimumVisualStudioVersion = 10.0.40219.1
Project("{2150E333-8FDC-42A3-9474-1A3956D46DE8}") = "Migration and Interoperability", "Migration and Interoperability", "{2071EB17-1D03-4B61-B267-2B0EB14B1258}"
EndProject
Project("{9A19103F-16F7-4668-BE54-9A1E7A4F7556}") = "HostingWfInWPF", "Migration and Interoperability\HostingWfInWPF\HostingWfInWPF.csproj", "{75E45E90-2C6F-4512-A551-C255303C436F}"
EndProject
Project("{9A19103F-16F7-4668-BE54-9A1E7A4F7556}") = "HostingWfWithVisualStyles", "Migration and Interoperability\HostingWfWithVisualStyles\HostingWfWithVisualStyles.csproj", "{6E8CC9C4-566C-43F1-8353-80D1FBFB483C}"
EndProject
Project("{9A19103F-16F7-4668-BE54-9A1E7A4F7556}") = "PropertyMappingWithElementHost", "Migration and Interoperability\PropertyMappingWithElementHost\PropertyMappingWithElementHost.csproj", "{B105D741-5DA2-4857-B603-932EC96A9A94}"
EndProject
Project("{2150E333-8FDC-42A3-9474-1A3956D46DE8}") = "HWNDInWPF", "HWNDInWPF", "{E71EFD27-A815-4083-9325-7704A5108312}"
EndProject
Project("{8BC9CEB8-8B4A-11D0-8D11-00A0C91BC942}") = "hwndInWPF", "Migration and Interoperability\HWNDInWPF\hwndInWPF\hwndInWPF.vcxproj", "{138FAB00-1FAE-4A24-8F47-6D7CE86BF82F}"
EndProject
Project("{2150E333-8FDC-42A3-9474-1A3956D46DE8}") = "Win32Clock", "Win32Clock", "{52A1BF80-DD3F-4F1A-A21A-B06DE8970AD6}"
EndProject
Project("{9A19103F-16F7-4668-BE54-9A1E7A4F7556}") = "WPFClock", "Migration and Interoperability\Win32Clock\WPFCLOCK\WPFClock.csproj", "{7289753F-C0EF-4C91-82DA-D53F75222152}"
EndProject
Project("{9A19103F-16F7-4668-BE54-9A1E7A4F7556}") = "WPFControls", "Migration and Interoperability\WindowsFormsHostingWpfControl\WPFControls\WPFControls.csproj", "{27E26A5C-1333-44FF-81DC-DD4DB0BFC313}"
EndProject
Project("{8BC9CEB8-8B4A-11D0-8D11-00A0C91BC942}") = "Win32HostingWPFPage", "Migration and Interoperability\Win32HostingWPFPage\cpp\win32hostingwpfpage.vcxproj", "{8E4A7F4E-64A9-4313-AAD8-C0E888223A32}"
EndProject
Project("{2150E333-8FDC-42A3-9474-1A3956D46DE8}") = "WpfHostingWindowsFormsControl", "WpfHostingWindowsFormsControl", "{CCF7EF7F-EC50-40F3-9D03-16C3AB7757B4}"
EndProject
Project("{9A19103F-16F7-4668-BE54-9A1E7A4F7556}") = "WPFHostingWin32Control", "Migration and Interoperability\WPFHostingWin32Control\WPFHostingWin32Control.csproj", "{73B41952-C297-4064-AAF9-99E564B13EAF}"
EndProject
Project("{2150E333-8FDC-42A3-9474-1A3956D46DE8}") = "WindowsFormsHostingWPFControl", "WindowsFormsHostingWPFControl", "{A02AFB38-A24D-48D7-BBE5-A4124EA098EC}"
EndProject
Project("{2150E333-8FDC-42A3-9474-1A3956D46DE8}") = "Samples", "Samples", "{455CE1DE-2222-44AC-B93B-6A40A99A3E3D}"
EndProject
Project("{2150E333-8FDC-42A3-9474-1A3956D46DE8}") = "Graphics", "Graphics", "{D9F39497-ECED-4D2B-8105-77F4E3981ABE}"
EndProject
Project("{2150E333-8FDC-42A3-9474-1A3956D46DE8}") = "Encoding And Decoding", "Encoding And Decoding", "{4143949C-58F7-4C83-B1B5-82ABFB63D3C1}"
EndProject
Project("{8BC9CEB8-8B4A-11D0-8D11-00A0C91BC942}") = "AitCodec", "Graphics\AITCodec\cpp\aitcodec.vcxproj", "{1D6ED2DF-D22A-4660-8197-A4D05B051CE6}"
EndProject
Global
	GlobalSection(SolutionConfigurationPlatforms) = preSolution
		Debug|Any CPU = Debug|Any CPU
		Debug|x64 = Debug|x64
		Debug|x86 = Debug|x86
		Release|Any CPU = Release|Any CPU
		Release|x64 = Release|x64
		Release|x86 = Release|x86
	EndGlobalSection
	GlobalSection(ProjectConfigurationPlatforms) = postSolution
		{75E45E90-2C6F-4512-A551-C255303C436F}.Debug|Any CPU.ActiveCfg = Debug|Any CPU
		{75E45E90-2C6F-4512-A551-C255303C436F}.Debug|Any CPU.Build.0 = Debug|Any CPU
		{75E45E90-2C6F-4512-A551-C255303C436F}.Debug|x64.ActiveCfg = Debug|Any CPU
		{75E45E90-2C6F-4512-A551-C255303C436F}.Debug|x64.Build.0 = Debug|Any CPU
		{75E45E90-2C6F-4512-A551-C255303C436F}.Debug|x86.ActiveCfg = Debug|Any CPU
		{75E45E90-2C6F-4512-A551-C255303C436F}.Debug|x86.Build.0 = Debug|Any CPU
		{75E45E90-2C6F-4512-A551-C255303C436F}.Release|Any CPU.ActiveCfg = Release|Any CPU
		{75E45E90-2C6F-4512-A551-C255303C436F}.Release|Any CPU.Build.0 = Release|Any CPU
		{75E45E90-2C6F-4512-A551-C255303C436F}.Release|x64.ActiveCfg = Release|Any CPU
		{75E45E90-2C6F-4512-A551-C255303C436F}.Release|x64.Build.0 = Release|Any CPU
		{75E45E90-2C6F-4512-A551-C255303C436F}.Release|x86.ActiveCfg = Release|Any CPU
		{75E45E90-2C6F-4512-A551-C255303C436F}.Release|x86.Build.0 = Release|Any CPU
		{6E8CC9C4-566C-43F1-8353-80D1FBFB483C}.Debug|Any CPU.ActiveCfg = Debug|Any CPU
		{6E8CC9C4-566C-43F1-8353-80D1FBFB483C}.Debug|Any CPU.Build.0 = Debug|Any CPU
		{6E8CC9C4-566C-43F1-8353-80D1FBFB483C}.Debug|x64.ActiveCfg = Debug|Any CPU
		{6E8CC9C4-566C-43F1-8353-80D1FBFB483C}.Debug|x64.Build.0 = Debug|Any CPU
		{6E8CC9C4-566C-43F1-8353-80D1FBFB483C}.Debug|x86.ActiveCfg = Debug|Any CPU
		{6E8CC9C4-566C-43F1-8353-80D1FBFB483C}.Debug|x86.Build.0 = Debug|Any CPU
		{6E8CC9C4-566C-43F1-8353-80D1FBFB483C}.Release|Any CPU.ActiveCfg = Release|Any CPU
		{6E8CC9C4-566C-43F1-8353-80D1FBFB483C}.Release|Any CPU.Build.0 = Release|Any CPU
		{6E8CC9C4-566C-43F1-8353-80D1FBFB483C}.Release|x64.ActiveCfg = Release|Any CPU
		{6E8CC9C4-566C-43F1-8353-80D1FBFB483C}.Release|x64.Build.0 = Release|Any CPU
		{6E8CC9C4-566C-43F1-8353-80D1FBFB483C}.Release|x86.ActiveCfg = Release|Any CPU
		{6E8CC9C4-566C-43F1-8353-80D1FBFB483C}.Release|x86.Build.0 = Release|Any CPU
		{B105D741-5DA2-4857-B603-932EC96A9A94}.Debug|Any CPU.ActiveCfg = Debug|Any CPU
		{B105D741-5DA2-4857-B603-932EC96A9A94}.Debug|Any CPU.Build.0 = Debug|Any CPU
		{B105D741-5DA2-4857-B603-932EC96A9A94}.Debug|x64.ActiveCfg = Debug|Any CPU
		{B105D741-5DA2-4857-B603-932EC96A9A94}.Debug|x64.Build.0 = Debug|Any CPU
		{B105D741-5DA2-4857-B603-932EC96A9A94}.Debug|x86.ActiveCfg = Debug|Any CPU
		{B105D741-5DA2-4857-B603-932EC96A9A94}.Debug|x86.Build.0 = Debug|Any CPU
		{B105D741-5DA2-4857-B603-932EC96A9A94}.Release|Any CPU.ActiveCfg = Release|Any CPU
		{B105D741-5DA2-4857-B603-932EC96A9A94}.Release|Any CPU.Build.0 = Release|Any CPU
		{B105D741-5DA2-4857-B603-932EC96A9A94}.Release|x64.ActiveCfg = Release|Any CPU
		{B105D741-5DA2-4857-B603-932EC96A9A94}.Release|x64.Build.0 = Release|Any CPU
		{B105D741-5DA2-4857-B603-932EC96A9A94}.Release|x86.ActiveCfg = Release|Any CPU
		{B105D741-5DA2-4857-B603-932EC96A9A94}.Release|x86.Build.0 = Release|Any CPU
		{138FAB00-1FAE-4A24-8F47-6D7CE86BF82F}.Debug|Any CPU.ActiveCfg = Debug|Win32
		{138FAB00-1FAE-4A24-8F47-6D7CE86BF82F}.Debug|x64.ActiveCfg = Debug|x64
		{138FAB00-1FAE-4A24-8F47-6D7CE86BF82F}.Debug|x86.ActiveCfg = Debug|Win32
		{138FAB00-1FAE-4A24-8F47-6D7CE86BF82F}.Release|Any CPU.ActiveCfg = Release|Win32
		{138FAB00-1FAE-4A24-8F47-6D7CE86BF82F}.Release|x64.ActiveCfg = Release|x64
		{138FAB00-1FAE-4A24-8F47-6D7CE86BF82F}.Release|x86.ActiveCfg = Release|Win32
		{7289753F-C0EF-4C91-82DA-D53F75222152}.Debug|Any CPU.ActiveCfg = Debug|Any CPU
		{7289753F-C0EF-4C91-82DA-D53F75222152}.Debug|Any CPU.Build.0 = Debug|Any CPU
		{7289753F-C0EF-4C91-82DA-D53F75222152}.Debug|x64.ActiveCfg = Debug|Any CPU
		{7289753F-C0EF-4C91-82DA-D53F75222152}.Debug|x64.Build.0 = Debug|Any CPU
		{7289753F-C0EF-4C91-82DA-D53F75222152}.Debug|x86.ActiveCfg = Debug|Any CPU
		{7289753F-C0EF-4C91-82DA-D53F75222152}.Debug|x86.Build.0 = Debug|Any CPU
		{7289753F-C0EF-4C91-82DA-D53F75222152}.Release|Any CPU.ActiveCfg = Debug|Any CPU
		{7289753F-C0EF-4C91-82DA-D53F75222152}.Release|Any CPU.Build.0 = Debug|Any CPU
		{7289753F-C0EF-4C91-82DA-D53F75222152}.Release|x64.ActiveCfg = Debug|Any CPU
		{7289753F-C0EF-4C91-82DA-D53F75222152}.Release|x64.Build.0 = Debug|Any CPU
		{7289753F-C0EF-4C91-82DA-D53F75222152}.Release|x86.ActiveCfg = Debug|Any CPU
		{7289753F-C0EF-4C91-82DA-D53F75222152}.Release|x86.Build.0 = Debug|Any CPU
		{27E26A5C-1333-44FF-81DC-DD4DB0BFC313}.Debug|Any CPU.ActiveCfg = Debug|Any CPU
		{27E26A5C-1333-44FF-81DC-DD4DB0BFC313}.Debug|Any CPU.Build.0 = Debug|Any CPU
		{27E26A5C-1333-44FF-81DC-DD4DB0BFC313}.Debug|x64.ActiveCfg = Debug|Any CPU
		{27E26A5C-1333-44FF-81DC-DD4DB0BFC313}.Debug|x64.Build.0 = Debug|Any CPU
		{27E26A5C-1333-44FF-81DC-DD4DB0BFC313}.Debug|x86.ActiveCfg = Debug|Any CPU
		{27E26A5C-1333-44FF-81DC-DD4DB0BFC313}.Debug|x86.Build.0 = Debug|Any CPU
		{27E26A5C-1333-44FF-81DC-DD4DB0BFC313}.Release|Any CPU.ActiveCfg = Release|Any CPU
		{27E26A5C-1333-44FF-81DC-DD4DB0BFC313}.Release|Any CPU.Build.0 = Release|Any CPU
		{27E26A5C-1333-44FF-81DC-DD4DB0BFC313}.Release|x64.ActiveCfg = Release|Any CPU
		{27E26A5C-1333-44FF-81DC-DD4DB0BFC313}.Release|x64.Build.0 = Release|Any CPU
		{27E26A5C-1333-44FF-81DC-DD4DB0BFC313}.Release|x86.ActiveCfg = Release|Any CPU
		{27E26A5C-1333-44FF-81DC-DD4DB0BFC313}.Release|x86.Build.0 = Release|Any CPU
		{8E4A7F4E-64A9-4313-AAD8-C0E888223A32}.Debug|Any CPU.ActiveCfg = Debug|Win32
		{8E4A7F4E-64A9-4313-AAD8-C0E888223A32}.Debug|x64.ActiveCfg = Debug|x64
		{8E4A7F4E-64A9-4313-AAD8-C0E888223A32}.Debug|x86.ActiveCfg = Debug|Win32
		{8E4A7F4E-64A9-4313-AAD8-C0E888223A32}.Release|Any CPU.ActiveCfg = Release|Win32
		{8E4A7F4E-64A9-4313-AAD8-C0E888223A32}.Release|x64.ActiveCfg = Release|x64
		{8E4A7F4E-64A9-4313-AAD8-C0E888223A32}.Release|x86.ActiveCfg = Release|Win32
		{73B41952-C297-4064-AAF9-99E564B13EAF}.Debug|Any CPU.ActiveCfg = Debug|Any CPU
		{73B41952-C297-4064-AAF9-99E564B13EAF}.Debug|Any CPU.Build.0 = Debug|Any CPU
		{73B41952-C297-4064-AAF9-99E564B13EAF}.Debug|x64.ActiveCfg = Debug|Any CPU
		{73B41952-C297-4064-AAF9-99E564B13EAF}.Debug|x64.Build.0 = Debug|Any CPU
		{73B41952-C297-4064-AAF9-99E564B13EAF}.Debug|x86.ActiveCfg = Debug|Any CPU
		{73B41952-C297-4064-AAF9-99E564B13EAF}.Debug|x86.Build.0 = Debug|Any CPU
		{73B41952-C297-4064-AAF9-99E564B13EAF}.Release|Any CPU.ActiveCfg = Release|Any CPU
		{73B41952-C297-4064-AAF9-99E564B13EAF}.Release|Any CPU.Build.0 = Release|Any CPU
		{73B41952-C297-4064-AAF9-99E564B13EAF}.Release|x64.ActiveCfg = Release|Any CPU
		{73B41952-C297-4064-AAF9-99E564B13EAF}.Release|x64.Build.0 = Release|Any CPU
		{73B41952-C297-4064-AAF9-99E564B13EAF}.Release|x86.ActiveCfg = Release|Any CPU
		{73B41952-C297-4064-AAF9-99E564B13EAF}.Release|x86.Build.0 = Release|Any CPU
		{1D6ED2DF-D22A-4660-8197-A4D05B051CE6}.Debug|Any CPU.ActiveCfg = Debug|Win32
		{1D6ED2DF-D22A-4660-8197-A4D05B051CE6}.Debug|Any CPU.Build.0 = Debug|Win32
		{1D6ED2DF-D22A-4660-8197-A4D05B051CE6}.Debug|x64.ActiveCfg = Debug|x64
		{1D6ED2DF-D22A-4660-8197-A4D05B051CE6}.Debug|x64.Build.0 = Debug|x64
		{1D6ED2DF-D22A-4660-8197-A4D05B051CE6}.Debug|x86.ActiveCfg = Debug|x64
		{1D6ED2DF-D22A-4660-8197-A4D05B051CE6}.Debug|x86.Build.0 = Debug|x64
		{1D6ED2DF-D22A-4660-8197-A4D05B051CE6}.Release|Any CPU.ActiveCfg = Release|Win32
		{1D6ED2DF-D22A-4660-8197-A4D05B051CE6}.Release|Any CPU.Build.0 = Release|Win32
		{1D6ED2DF-D22A-4660-8197-A4D05B051CE6}.Release|x64.ActiveCfg = Release|x64
		{1D6ED2DF-D22A-4660-8197-A4D05B051CE6}.Release|x64.Build.0 = Release|x64
		{1D6ED2DF-D22A-4660-8197-A4D05B051CE6}.Release|x86.ActiveCfg = Release|Win32
		{1D6ED2DF-D22A-4660-8197-A4D05B051CE6}.Release|x86.Build.0 = Release|Win32
	EndGlobalSection
	GlobalSection(SolutionProperties) = preSolution
		HideSolutionNode = FALSE
	EndGlobalSection
	GlobalSection(NestedProjects) = preSolution
		{2071EB17-1D03-4B61-B267-2B0EB14B1258} = {455CE1DE-2222-44AC-B93B-6A40A99A3E3D}
		{75E45E90-2C6F-4512-A551-C255303C436F} = {2071EB17-1D03-4B61-B267-2B0EB14B1258}
		{6E8CC9C4-566C-43F1-8353-80D1FBFB483C} = {2071EB17-1D03-4B61-B267-2B0EB14B1258}
		{B105D741-5DA2-4857-B603-932EC96A9A94} = {2071EB17-1D03-4B61-B267-2B0EB14B1258}
		{E71EFD27-A815-4083-9325-7704A5108312} = {2071EB17-1D03-4B61-B267-2B0EB14B1258}
		{138FAB00-1FAE-4A24-8F47-6D7CE86BF82F} = {E71EFD27-A815-4083-9325-7704A5108312}
		{52A1BF80-DD3F-4F1A-A21A-B06DE8970AD6} = {2071EB17-1D03-4B61-B267-2B0EB14B1258}
		{7289753F-C0EF-4C91-82DA-D53F75222152} = {52A1BF80-DD3F-4F1A-A21A-B06DE8970AD6}
		{27E26A5C-1333-44FF-81DC-DD4DB0BFC313} = {A02AFB38-A24D-48D7-BBE5-A4124EA098EC}
		{8E4A7F4E-64A9-4313-AAD8-C0E888223A32} = {2071EB17-1D03-4B61-B267-2B0EB14B1258}
		{CCF7EF7F-EC50-40F3-9D03-16C3AB7757B4} = {2071EB17-1D03-4B61-B267-2B0EB14B1258}
		{73B41952-C297-4064-AAF9-99E564B13EAF} = {2071EB17-1D03-4B61-B267-2B0EB14B1258}
		{A02AFB38-A24D-48D7-BBE5-A4124EA098EC} = {2071EB17-1D03-4B61-B267-2B0EB14B1258}
		{D9F39497-ECED-4D2B-8105-77F4E3981ABE} = {455CE1DE-2222-44AC-B93B-6A40A99A3E3D}
		{4143949C-58F7-4C83-B1B5-82ABFB63D3C1} = {D9F39497-ECED-4D2B-8105-77F4E3981ABE}
		{1D6ED2DF-D22A-4660-8197-A4D05B051CE6} = {4143949C-58F7-4C83-B1B5-82ABFB63D3C1}
	EndGlobalSection
	GlobalSection(ExtensibilityGlobals) = postSolution
		SolutionGuid = {5999CD15-1B95-49B3-AD12-5FDC10B2FBAD}
	EndGlobalSection
EndGlobal
