
Microsoft Visual Studio Solution File, Format Version 12.00
# Visual Studio Version 16
VisualStudioVersion = 16.0.28927.53
Project("{F9A19103F-16F7-4668-BE54-9A1E7A4F7556}") = "BamlReflector", "BamlReflector\BamlReflector.csproj", "{EBEB76C6-B21C-440C-ABD3-EF6037F1E1B4}"
EndProject
Project("{F9A19103F-16F7-4668-BE54-9A1E7A4F7556}") = "BamlTools", "BamlTools\BamlTools.csproj", "{4387B89C-4E01-499E-B2A2-31E74E319354}"
EndProject
Global
	GlobalSection(SolutionConfigurationPlatforms) = preSolution
		Debug|Any CPU = Debug|Any CPU
		Release|Any CPU = Release|Any CPU
	EndGlobalSection
	GlobalSection(ProjectConfigurationPlatforms) = postSolution
		{EBEB76C6-B21C-440C-ABD3-EF6037F1E1B4}.Debug|Any CPU.ActiveCfg = Debug|Any CPU
		{EBEB76C6-B21C-440C-ABD3-EF6037F1E1B4}.Debug|Any CPU.Build.0 = Debug|Any CPU
		{EBEB76C6-B21C-440C-ABD3-EF6037F1E1B4}.Release|Any CPU.ActiveCfg = Release|Any CPU
		{EBEB76C6-B21C-440C-ABD3-EF6037F1E1B4}.Release|Any CPU.Build.0 = Release|Any CPU
		{4387B89C-4E01-499E-B2A2-31E74E319354}.Debug|Any CPU.ActiveCfg = Debug|Any CPU
		{4387B89C-4E01-499E-B2A2-31E74E319354}.Debug|Any CPU.Build.0 = Debug|Any CPU
		{4387B89C-4E01-499E-B2A2-31E74E319354}.Release|Any CPU.ActiveCfg = Release|Any CPU
		{4387B89C-4E01-499E-B2A2-31E74E319354}.Release|Any CPU.Build.0 = Release|Any CPU
	EndGlobalSection
	GlobalSection(SolutionProperties) = preSolution
		HideSolutionNode = FALSE
	EndGlobalSection
EndGlobal
