<?xml version="1.0" encoding="utf-8"?>
<Project ToolsVersion="4.0" xmlns="http://schemas.microsoft.com/developer/msbuild/2003">
  <ItemGroup>
    <Filter Include="Header Files">
      <UniqueIdentifier>{93995380-89BD-4b04-88EB-625FBE52EBFB}</UniqueIdentifier>
      <Extensions>h;hpp;hxx;hm;inl;inc;xsd</Extensions>
    </Filter>
    <Filter Include="Resource Files">
      <UniqueIdentifier>{67DA6AB6-F800-4c08-8B7A-83BB121AAD01}</UniqueIdentifier>
      <Extensions>rc;ico;cur;bmp;dlg;rc2;rct;bin;rgs;gif;jpg;jpeg;jpe;resx</Extensions>
    </Filter>
    <Filter Include="Source Files">
      <UniqueIdentifier>{4FC737F1-C7A5-4376-A066-2A32D752A2FF}</UniqueIdentifier>
      <Extensions>cpp;c;cc;cxx;def;odl;idl;hpj;bat;asm;asmx</Extensions>
    </Filter>
  </ItemGroup>
  <ItemGroup>
    <ClInclude Include="AitCodecRegistryManager.h">
      <Filter>Header Files</Filter>
    </ClInclude>
    <ClInclude Include="AitDecoder.h">
      <Filter>Header Files</Filter>
    </ClInclude>
    <ClInclude Include="AitEncoder.h">
      <Filter>Header Files</Filter>
    </ClInclude>
    <ClInclude Include="BaseDecoder.h">
      <Filter>Header Files</Filter>
    </ClInclude>
    <ClInclude Include="BaseEncoder.h">
      <Filter>Header Files</Filter>
    </ClInclude>
    <ClInclude Include="BasePixelFormatConverter.h">
      <Filter>Header Files</Filter>
    </ClInclude>
    <ClInclude Include="ClassFactory.h">
      <Filter>Header Files</Filter>
    </ClInclude>
    <ClInclude Include="CMYKPixelFormatConverter.h">
      <Filter>Header Files</Filter>
    </ClInclude>
    <ClInclude Include="precomp.hpp">
      <Filter>Header Files</Filter>
    </ClInclude>
    <ClInclude Include="RegistryValueManager.h">
      <Filter>Header Files</Filter>
    </ClInclude>
    <ClInclude Include="UnknownImpl.h">
      <Filter>Header Files</Filter>
    </ClInclude>
    <ClInclude Include="Utility.h">
      <Filter>Header Files</Filter>
    </ClInclude>
    <ClInclude Include="YCbCrPixelFormatConverter.h">
      <Filter>Header Files</Filter>
    </ClInclude>
  </ItemGroup>
  <ItemGroup>
    <None Include="AitCodec.def">
      <Filter>Source Files</Filter>
    </None>
  </ItemGroup>
  <ItemGroup>
    <ClCompile Include="AitDecoder.cpp">
      <Filter>Source Files</Filter>
    </ClCompile>
    <ClCompile Include="AitEncoder.cpp">
      <Filter>Source Files</Filter>
    </ClCompile>
    <ClCompile Include="BaseDecoder.cpp">
      <Filter>Source Files</Filter>
    </ClCompile>
    <ClCompile Include="BaseEncoder.cpp">
      <Filter>Source Files</Filter>
    </ClCompile>
    <ClCompile Include="BasePixelFormatConverter.cpp">
      <Filter>Source Files</Filter>
    </ClCompile>
    <ClCompile Include="CMYKpixelformatconverter.cpp">
      <Filter>Source Files</Filter>
    </ClCompile>
    <ClCompile Include="Main.cpp">
      <Filter>Source Files</Filter>
    </ClCompile>
    <ClCompile Include="Utility.cpp">
      <Filter>Source Files</Filter>
    </ClCompile>
    <ClCompile Include="YCbCrPixelFormatConverter.cpp">
      <Filter>Source Files</Filter>
    </ClCompile>
  </ItemGroup>
</Project>