
Microsoft Visual Studio Solution File, Format Version 12.00
# Visual Studio Version 16
VisualStudioVersion = 16.0.29613.14
MinimumVisualStudioVersion = 10.0.40219.1
Project("{778DAE3C-4631-46EA-AA77-85C1314464D9}") = "ExpenseItIntro2", "ExpenseItIntro2.vbproj", "{270A838B-4FC0-4E19-9AD0-1AF088740203}"
EndProject
Global
	GlobalSection(SolutionConfigurationPlatforms) = preSolution
		Debug|Any CPU = Debug|Any CPU
		Release|Any CPU = Release|Any CPU
	EndGlobalSection
	GlobalSection(ProjectConfigurationPlatforms) = postSolution
		{270A838B-4FC0-4E19-9AD0-1AF088740203}.Debug|Any CPU.ActiveCfg = Release|Any CPU
		{270A838B-4FC0-4E19-9AD0-1AF088740203}.Debug|Any CPU.Build.0 = Release|Any CPU
		{270A838B-4FC0-4E19-9AD0-1AF088740203}.Release|Any CPU.ActiveCfg = Release|Any CPU
		{270A838B-4FC0-4E19-9AD0-1AF088740203}.Release|Any CPU.Build.0 = Release|Any CPU
	EndGlobalSection
	GlobalSection(SolutionProperties) = preSolution
		HideSolutionNode = FALSE
	EndGlobalSection
	GlobalSection(ExtensibilityGlobals) = postSolution
		SolutionGuid = {55B96E49-A987-4FCF-8683-DD7B781115EB}
	EndGlobalSection
EndGlobal
