
Microsoft Visual Studio Solution File, Format Version 12.00
# Visual Studio Version 18
VisualStudioVersion = 18.3.11308.173 main
MinimumVisualStudioVersion = 10.0.40219.1
Project("{9A19103F-16F7-4668-BE54-9A1E7A4F7556}") = "WPFGallery", "WPFGallery.csproj", "{31F40A27-7EAB-4152-823A-5D7B785F4946}"
EndProject
Global
	GlobalSection(SolutionConfigurationPlatforms) = preSolution
		Debug|Any CPU = Debug|Any CPU
		Debug|ARM = Debug|ARM
		Debug|ARM64 = Debug|ARM64
		Debug|x64 = Debug|x64
		Debug|x86 = Debug|x86
		Release|Any CPU = Release|Any CPU
		Release|ARM = Release|ARM
		Release|ARM64 = Release|ARM64
		Release|x64 = Release|x64
		Release|x86 = Release|x86
	EndGlobalSection
	GlobalSection(ProjectConfigurationPlatforms) = postSolution
		{31F40A27-7EAB-4152-823A-5D7B785F4946}.Debug|Any CPU.ActiveCfg = Debug|Any CPU
		{31F40A27-7EAB-4152-823A-5D7B785F4946}.Debug|Any CPU.Build.0 = Debug|Any CPU
		{31F40A27-7EAB-4152-823A-5D7B785F4946}.Debug|ARM.ActiveCfg = Debug|Any CPU
		{31F40A27-7EAB-4152-823A-5D7B785F4946}.Debug|ARM.Build.0 = Debug|Any CPU
		{31F40A27-7EAB-4152-823A-5D7B785F4946}.Debug|ARM64.ActiveCfg = Debug|Any CPU
		{31F40A27-7EAB-4152-823A-5D7B785F4946}.Debug|ARM64.Build.0 = Debug|Any CPU
		{31F40A27-7EAB-4152-823A-5D7B785F4946}.Debug|x64.ActiveCfg = Debug|x64
		{31F40A27-7EAB-4152-823A-5D7B785F4946}.Debug|x64.Build.0 = Debug|x64
		{31F40A27-7EAB-4152-823A-5D7B785F4946}.Debug|x86.ActiveCfg = Debug|Any CPU
		{31F40A27-7EAB-4152-823A-5D7B785F4946}.Debug|x86.Build.0 = Debug|Any CPU
		{31F40A27-7EAB-4152-823A-5D7B785F4946}.Release|Any CPU.ActiveCfg = Release|Any CPU
		{31F40A27-7EAB-4152-823A-5D7B785F4946}.Release|Any CPU.Build.0 = Release|Any CPU
		{31F40A27-7EAB-4152-823A-5D7B785F4946}.Release|ARM.ActiveCfg = Release|Any CPU
		{31F40A27-7EAB-4152-823A-5D7B785F4946}.Release|ARM.Build.0 = Release|Any CPU
		{31F40A27-7EAB-4152-823A-5D7B785F4946}.Release|ARM64.ActiveCfg = Release|Any CPU
		{31F40A27-7EAB-4152-823A-5D7B785F4946}.Release|ARM64.Build.0 = Release|Any CPU
		{31F40A27-7EAB-4152-823A-5D7B785F4946}.Release|x64.ActiveCfg = Release|x64
		{31F40A27-7EAB-4152-823A-5D7B785F4946}.Release|x64.Build.0 = Release|x64
		{31F40A27-7EAB-4152-823A-5D7B785F4946}.Release|x86.ActiveCfg = Release|Any CPU
		{31F40A27-7EAB-4152-823A-5D7B785F4946}.Release|x86.Build.0 = Release|Any CPU
	EndGlobalSection
	GlobalSection(SolutionProperties) = preSolution
		HideSolutionNode = FALSE
	EndGlobalSection
	GlobalSection(ExtensibilityGlobals) = postSolution
		SolutionGuid = {4BA9A30F-2690-4E12-AE98-E6E9A9985937}
	EndGlobalSection
EndGlobal
