
Microsoft Visual Studio Solution File, Format Version 12.00
# Visual Studio Version 17
VisualStudioVersion = 17.0.31903.59
MinimumVisualStudioVersion = 10.0.40219.1
Project("{9A19103F-16F7-4668-BE54-9A1E7A4F7556}") = "WPFGallery", "WPFGallery.csproj", "{249DB69E-5516-43B8-A159-4071258F6B75}"
EndProject
Project("{C7167F0D-BC9F-4E6E-AFE1-012C56B48DB5}") = "WPFGallery.DesktopWap.Package", "..\WPFGallery.DesktopWap\WPFGallery.DesktopWap.Package.wapproj", "{C652518A-D79A-4CEC-B902-0093B93A8CEB}"
EndProject
Global
	GlobalSection(SolutionConfigurationPlatforms) = preSolution
		Debug|Any CPU = Debug|Any CPU
		Debug|ARM = Debug|ARM
		Debug|ARM64 = Debug|ARM64
		Debug|x64 = Debug|x64
		Debug|x86 = Debug|x86
		Release|Any CPU = Release|Any CPU
		Release|ARM = Release|ARM
		Release|ARM64 = Release|ARM64
		Release|x64 = Release|x64
		Release|x86 = Release|x86
	EndGlobalSection
	GlobalSection(ProjectConfigurationPlatforms) = postSolution
		{249DB69E-5516-43B8-A159-4071258F6B75}.Debug|Any CPU.ActiveCfg = Debug|x64
		{249DB69E-5516-43B8-A159-4071258F6B75}.Debug|Any CPU.Build.0 = Debug|x64
		{249DB69E-5516-43B8-A159-4071258F6B75}.Debug|ARM.ActiveCfg = Debug|x64
		{249DB69E-5516-43B8-A159-4071258F6B75}.Debug|ARM.Build.0 = Debug|x64
		{249DB69E-5516-43B8-A159-4071258F6B75}.Debug|ARM64.ActiveCfg = Debug|x64
		{249DB69E-5516-43B8-A159-4071258F6B75}.Debug|ARM64.Build.0 = Debug|x64
		{249DB69E-5516-43B8-A159-4071258F6B75}.Debug|x64.ActiveCfg = Debug|x64
		{249DB69E-5516-43B8-A159-4071258F6B75}.Debug|x64.Build.0 = Debug|x64
		{249DB69E-5516-43B8-A159-4071258F6B75}.Debug|x86.ActiveCfg = Debug|x64
		{249DB69E-5516-43B8-A159-4071258F6B75}.Debug|x86.Build.0 = Debug|x64
		{249DB69E-5516-43B8-A159-4071258F6B75}.Release|Any CPU.ActiveCfg = Release|x64
		{249DB69E-5516-43B8-A159-4071258F6B75}.Release|Any CPU.Build.0 = Release|x64
		{249DB69E-5516-43B8-A159-4071258F6B75}.Release|ARM.ActiveCfg = Release|x64
		{249DB69E-5516-43B8-A159-4071258F6B75}.Release|ARM.Build.0 = Release|x64
		{249DB69E-5516-43B8-A159-4071258F6B75}.Release|ARM64.ActiveCfg = Release|x64
		{249DB69E-5516-43B8-A159-4071258F6B75}.Release|ARM64.Build.0 = Release|x64
		{249DB69E-5516-43B8-A159-4071258F6B75}.Release|x64.ActiveCfg = Release|x64
		{249DB69E-5516-43B8-A159-4071258F6B75}.Release|x64.Build.0 = Release|x64
		{249DB69E-5516-43B8-A159-4071258F6B75}.Release|x86.ActiveCfg = Release|x64
		{249DB69E-5516-43B8-A159-4071258F6B75}.Release|x86.Build.0 = Release|x64
		{C652518A-D79A-4CEC-B902-0093B93A8CEB}.Debug|Any CPU.ActiveCfg = Debug|x64
		{C652518A-D79A-4CEC-B902-0093B93A8CEB}.Debug|Any CPU.Build.0 = Debug|x64
		{C652518A-D79A-4CEC-B902-0093B93A8CEB}.Debug|Any CPU.Deploy.0 = Debug|x64
		{C652518A-D79A-4CEC-B902-0093B93A8CEB}.Debug|ARM.ActiveCfg = Debug|ARM
		{C652518A-D79A-4CEC-B902-0093B93A8CEB}.Debug|ARM.Build.0 = Debug|ARM
		{C652518A-D79A-4CEC-B902-0093B93A8CEB}.Debug|ARM.Deploy.0 = Debug|ARM
		{C652518A-D79A-4CEC-B902-0093B93A8CEB}.Debug|ARM64.ActiveCfg = Debug|ARM64
		{C652518A-D79A-4CEC-B902-0093B93A8CEB}.Debug|ARM64.Build.0 = Debug|ARM64
		{C652518A-D79A-4CEC-B902-0093B93A8CEB}.Debug|ARM64.Deploy.0 = Debug|ARM64
		{C652518A-D79A-4CEC-B902-0093B93A8CEB}.Debug|x64.ActiveCfg = Debug|x64
		{C652518A-D79A-4CEC-B902-0093B93A8CEB}.Debug|x64.Build.0 = Debug|x64
		{C652518A-D79A-4CEC-B902-0093B93A8CEB}.Debug|x64.Deploy.0 = Debug|x64
		{C652518A-D79A-4CEC-B902-0093B93A8CEB}.Debug|x86.ActiveCfg = Debug|x86
		{C652518A-D79A-4CEC-B902-0093B93A8CEB}.Debug|x86.Build.0 = Debug|x86
		{C652518A-D79A-4CEC-B902-0093B93A8CEB}.Debug|x86.Deploy.0 = Debug|x86
		{C652518A-D79A-4CEC-B902-0093B93A8CEB}.Release|Any CPU.ActiveCfg = Release|Any CPU
		{C652518A-D79A-4CEC-B902-0093B93A8CEB}.Release|Any CPU.Build.0 = Release|Any CPU
		{C652518A-D79A-4CEC-B902-0093B93A8CEB}.Release|Any CPU.Deploy.0 = Release|Any CPU
		{C652518A-D79A-4CEC-B902-0093B93A8CEB}.Release|ARM.ActiveCfg = Release|ARM
		{C652518A-D79A-4CEC-B902-0093B93A8CEB}.Release|ARM.Build.0 = Release|ARM
		{C652518A-D79A-4CEC-B902-0093B93A8CEB}.Release|ARM.Deploy.0 = Release|ARM
		{C652518A-D79A-4CEC-B902-0093B93A8CEB}.Release|ARM64.ActiveCfg = Release|ARM64
		{C652518A-D79A-4CEC-B902-0093B93A8CEB}.Release|ARM64.Build.0 = Release|ARM64
		{C652518A-D79A-4CEC-B902-0093B93A8CEB}.Release|ARM64.Deploy.0 = Release|ARM64
		{C652518A-D79A-4CEC-B902-0093B93A8CEB}.Release|x64.ActiveCfg = Release|x64
		{C652518A-D79A-4CEC-B902-0093B93A8CEB}.Release|x64.Build.0 = Release|x64
		{C652518A-D79A-4CEC-B902-0093B93A8CEB}.Release|x64.Deploy.0 = Release|x64
		{C652518A-D79A-4CEC-B902-0093B93A8CEB}.Release|x86.ActiveCfg = Release|x86
		{C652518A-D79A-4CEC-B902-0093B93A8CEB}.Release|x86.Build.0 = Release|x86
		{C652518A-D79A-4CEC-B902-0093B93A8CEB}.Release|x86.Deploy.0 = Release|x86
	EndGlobalSection
	GlobalSection(SolutionProperties) = preSolution
		HideSolutionNode = FALSE
	EndGlobalSection
	GlobalSection(ExtensibilityGlobals) = postSolution
		SolutionGuid = {C1259020-16BF-4765-9ED0-0E8BD9657E6E}
	EndGlobalSection
EndGlobal
