
Microsoft Visual Studio Solution File, Format Version 11.00
# Visual Studio 2010
Project("{FAE04EC0-301F-11D3-BF4B-00C04F79EFBC}") = "ExpenseItIntro", "ExpenseItIntro.csproj", "{04A305B4-D6A2-458B-817C-7B0AA88F7FCA}"
EndProject
Global
	GlobalSection(SolutionConfigurationPlatforms) = preSolution
		Debug|x86 = Debug|x86
		Release|x86 = Release|x86
	EndGlobalSection
	GlobalSection(ProjectConfigurationPlatforms) = postSolution
		{04A305B4-D6A2-458B-817C-7B0AA88F7FCA}.Debug|x86.ActiveCfg = Debug|x86
		{04A305B4-D6A2-458B-817C-7B0AA88F7FCA}.Debug|x86.Build.0 = Debug|x86
		{04A305B4-D6A2-458B-817C-7B0AA88F7FCA}.Release|x86.ActiveCfg = Release|x86
		{04A305B4-D6A2-458B-817C-7B0AA88F7FCA}.Release|x86.Build.0 = Release|x86
	EndGlobalSection
	GlobalSection(SolutionProperties) = preSolution
		HideSolutionNode = FALSE
	EndGlobalSection
EndGlobal
